
Microsoft Visual Studio Solution File, Format Version 12.00
# Visual Studio Version 16
VisualStudioVersion = 16.0.31424.327
MinimumVisualStudioVersion = 10.0.40219.1
Project("{FAE04EC0-301F-11D3-BF4B-00C04F79EFBC}") = "Jokenpo", "Jokenpo\Jokenpo.csproj", "{9CD7485F-9D02-41B8-921B-09F248EAD209}"
EndProject
Global
	GlobalSection(SolutionConfigurationPlatforms) = preSolution
		Debug|Any CPU = Debug|Any CPU
		Release|Any CPU = Release|Any CPU
	EndGlobalSection
	GlobalSection(ProjectConfigurationPlatforms) = postSolution
		{9CD7485F-9D02-41B8-921B-09F248EAD209}.Debug|Any CPU.ActiveCfg = Debug|Any CPU
		{9CD7485F-9D02-41B8-921B-09F248EAD209}.Debug|Any CPU.Build.0 = Debug|Any CPU
		{9CD7485F-9D02-41B8-921B-09F248EAD209}.Release|Any CPU.ActiveCfg = Release|Any CPU
		{9CD7485F-9D02-41B8-921B-09F248EAD209}.Release|Any CPU.Build.0 = Release|Any CPU
	EndGlobalSection
	GlobalSection(SolutionProperties) = preSolution
		HideSolutionNode = FALSE
	EndGlobalSection
	GlobalSection(ExtensibilityGlobals) = postSolution
		SolutionGuid = {D570DCCB-F3EC-4C8A-8712-B0DF2C8A661B}
	EndGlobalSection
EndGlobal
